
Microsoft Visual Studio Solution File, Format Version 12.00
# Visual Studio Version 17
VisualStudioVersion = 17.3.32929.385
MinimumVisualStudioVersion = 10.0.40219.1
Project("{2150E333-8FDC-42A3-9474-1A3956D46DE8}") = "Services", "Services", "{D84EF8C6-693C-4D1B-8E9D-B82B013055E7}"
EndProject
Project("{2150E333-8FDC-42A3-9474-1A3956D46DE8}") = "Catalog", "Catalog", "{BEEFF5D4-289D-40E1-8283-CA2BBC0F4BCE}"
EndProject
Project("{9A19103F-16F7-4668-BE54-9A1E7A4F7556}") = "Catalog.API", "Services\Catalog\Catalog.API\Catalog.API.csproj", "{831A77CB-3FB7-4DF1-8CCD-F409A8468E7D}"
EndProject
Project("{2150E333-8FDC-42A3-9474-1A3956D46DE8}") = "Solution Items", "Solution Items", "{F3021DBB-DD68-4D3F-B524-1E25D2D27DB8}"
	ProjectSection(SolutionItems) = preProject
		Ports.txt = Ports.txt
	EndProjectSection
EndProject
Project("{2150E333-8FDC-42A3-9474-1A3956D46DE8}") = "Shared", "Shared", "{BE5E6418-A073-4EF7-99B7-A43574F9FCC6}"
EndProject
Project("{9A19103F-16F7-4668-BE54-9A1E7A4F7556}") = "Catalog.Shared", "Shared\Catalog.Shared\Catalog.Shared.csproj", "{F9E056A2-73DB-4DA9-BDCF-CFC423DAA9A4}"
EndProject
Project("{2150E333-8FDC-42A3-9474-1A3956D46DE8}") = "IdentityServer", "IdentityServer", "{7BD43CAA-05C9-41F4-93CD-E49D4AEDA121}"
EndProject
Project("{9A19103F-16F7-4668-BE54-9A1E7A4F7556}") = "Microservice.IdentityServer", "IdentityServer\Microservice.IdentityServer\Microservice.IdentityServer.csproj", "{2AC1A383-C145-4683-A22E-6FC50CBB8269}"
EndProject
Global
	GlobalSection(SolutionConfigurationPlatforms) = preSolution
		Debug|Any CPU = Debug|Any CPU
		Release|Any CPU = Release|Any CPU
	EndGlobalSection
	GlobalSection(ProjectConfigurationPlatforms) = postSolution
		{831A77CB-3FB7-4DF1-8CCD-F409A8468E7D}.Debug|Any CPU.ActiveCfg = Debug|Any CPU
		{831A77CB-3FB7-4DF1-8CCD-F409A8468E7D}.Debug|Any CPU.Build.0 = Debug|Any CPU
		{831A77CB-3FB7-4DF1-8CCD-F409A8468E7D}.Release|Any CPU.ActiveCfg = Release|Any CPU
		{831A77CB-3FB7-4DF1-8CCD-F409A8468E7D}.Release|Any CPU.Build.0 = Release|Any CPU
		{F9E056A2-73DB-4DA9-BDCF-CFC423DAA9A4}.Debug|Any CPU.ActiveCfg = Debug|Any CPU
		{F9E056A2-73DB-4DA9-BDCF-CFC423DAA9A4}.Debug|Any CPU.Build.0 = Debug|Any CPU
		{F9E056A2-73DB-4DA9-BDCF-CFC423DAA9A4}.Release|Any CPU.ActiveCfg = Release|Any CPU
		{F9E056A2-73DB-4DA9-BDCF-CFC423DAA9A4}.Release|Any CPU.Build.0 = Release|Any CPU
		{2AC1A383-C145-4683-A22E-6FC50CBB8269}.Debug|Any CPU.ActiveCfg = Debug|Any CPU
		{2AC1A383-C145-4683-A22E-6FC50CBB8269}.Debug|Any CPU.Build.0 = Debug|Any CPU
		{2AC1A383-C145-4683-A22E-6FC50CBB8269}.Release|Any CPU.ActiveCfg = Release|Any CPU
		{2AC1A383-C145-4683-A22E-6FC50CBB8269}.Release|Any CPU.Build.0 = Release|Any CPU
	EndGlobalSection
	GlobalSection(SolutionProperties) = preSolution
		HideSolutionNode = FALSE
	EndGlobalSection
	GlobalSection(NestedProjects) = preSolution
		{BEEFF5D4-289D-40E1-8283-CA2BBC0F4BCE} = {D84EF8C6-693C-4D1B-8E9D-B82B013055E7}
		{831A77CB-3FB7-4DF1-8CCD-F409A8468E7D} = {BEEFF5D4-289D-40E1-8283-CA2BBC0F4BCE}
		{F9E056A2-73DB-4DA9-BDCF-CFC423DAA9A4} = {BE5E6418-A073-4EF7-99B7-A43574F9FCC6}
		{2AC1A383-C145-4683-A22E-6FC50CBB8269} = {7BD43CAA-05C9-41F4-93CD-E49D4AEDA121}
	EndGlobalSection
	GlobalSection(ExtensibilityGlobals) = postSolution
		SolutionGuid = {5E769C00-7A17-47BE-91CA-47869422D432}
	EndGlobalSection
EndGlobal
